
Microsoft Visual Studio Solution File, Format Version 12.00
# Visual Studio 15
Project("{FAE04EC0-301F-11D3-BF4B-00C04F79EFBC}") = "Sample.Android", "Sample.Android\Sample.Android.csproj", "{8DA177D2-8340-477C-B155-B374C5ADE756}"
EndProject
Project("{FAE04EC0-301F-11D3-BF4B-00C04F79EFBC}") = "Sample.iOS", "Sample.iOS\Sample.iOS.csproj", "{C4E79D03-BCCF-47A8-97EC-F8226A9C6D6B}"
EndProject
Project("{FAE04EC0-301F-11D3-BF4B-00C04F79EFBC}") = "Sample.UITests", "Sample.UITests\Sample.UITests.csproj", "{B19C892E-2628-4CA7-AD27-08D406A3B14B}"
EndProject
Project("{FAE04EC0-301F-11D3-BF4B-00C04F79EFBC}") = "Sample", "Sample\Sample.csproj", "{0D4DD490-D488-4DB2-95F8-49C57936E9F8}"
EndProject
Global
	GlobalSection(SolutionConfigurationPlatforms) = preSolution
		Debug|Any CPU = Debug|Any CPU
		Release|Any CPU = Release|Any CPU
		Debug|iPhoneSimulator = Debug|iPhoneSimulator
		Release|iPhoneSimulator = Release|iPhoneSimulator
		Debug|iPhone = Debug|iPhone
		Release|iPhone = Release|iPhone
		Ad-Hoc|iPhone = Ad-Hoc|iPhone
		AppStore|iPhone = AppStore|iPhone
	EndGlobalSection
	GlobalSection(ProjectConfigurationPlatforms) = postSolution
		{8DA177D2-8340-477C-B155-B374C5ADE756}.Debug|Any CPU.ActiveCfg = Debug|Any CPU
		{8DA177D2-8340-477C-B155-B374C5ADE756}.Debug|Any CPU.Build.0 = Debug|Any CPU
		{8DA177D2-8340-477C-B155-B374C5ADE756}.Release|Any CPU.ActiveCfg = Release|Any CPU
		{8DA177D2-8340-477C-B155-B374C5ADE756}.Release|Any CPU.Build.0 = Release|Any CPU
		{8DA177D2-8340-477C-B155-B374C5ADE756}.Debug|iPhoneSimulator.ActiveCfg = Debug|Any CPU
		{8DA177D2-8340-477C-B155-B374C5ADE756}.Debug|iPhoneSimulator.Build.0 = Debug|Any CPU
		{8DA177D2-8340-477C-B155-B374C5ADE756}.Release|iPhoneSimulator.ActiveCfg = Release|Any CPU
		{8DA177D2-8340-477C-B155-B374C5ADE756}.Release|iPhoneSimulator.Build.0 = Release|Any CPU
		{8DA177D2-8340-477C-B155-B374C5ADE756}.Debug|iPhone.ActiveCfg = Debug|Any CPU
		{8DA177D2-8340-477C-B155-B374C5ADE756}.Debug|iPhone.Build.0 = Debug|Any CPU
		{8DA177D2-8340-477C-B155-B374C5ADE756}.Release|iPhone.ActiveCfg = Release|Any CPU
		{8DA177D2-8340-477C-B155-B374C5ADE756}.Release|iPhone.Build.0 = Release|Any CPU
		{8DA177D2-8340-477C-B155-B374C5ADE756}.Ad-Hoc|iPhone.ActiveCfg = Debug|Any CPU
		{8DA177D2-8340-477C-B155-B374C5ADE756}.Ad-Hoc|iPhone.Build.0 = Debug|Any CPU
		{8DA177D2-8340-477C-B155-B374C5ADE756}.AppStore|iPhone.ActiveCfg = Debug|Any CPU
		{8DA177D2-8340-477C-B155-B374C5ADE756}.AppStore|iPhone.Build.0 = Debug|Any CPU
		{C4E79D03-BCCF-47A8-97EC-F8226A9C6D6B}.Debug|Any CPU.ActiveCfg = Debug|iPhoneSimulator
		{C4E79D03-BCCF-47A8-97EC-F8226A9C6D6B}.Debug|Any CPU.Build.0 = Debug|iPhoneSimulator
		{C4E79D03-BCCF-47A8-97EC-F8226A9C6D6B}.Release|Any CPU.ActiveCfg = Release|iPhoneSimulator
		{C4E79D03-BCCF-47A8-97EC-F8226A9C6D6B}.Release|Any CPU.Build.0 = Release|iPhoneSimulator
		{C4E79D03-BCCF-47A8-97EC-F8226A9C6D6B}.Debug|iPhoneSimulator.ActiveCfg = Debug|iPhoneSimulator
		{C4E79D03-BCCF-47A8-97EC-F8226A9C6D6B}.Debug|iPhoneSimulator.Build.0 = Debug|iPhoneSimulator
		{C4E79D03-BCCF-47A8-97EC-F8226A9C6D6B}.Release|iPhoneSimulator.ActiveCfg = Release|iPhoneSimulator
		{C4E79D03-BCCF-47A8-97EC-F8226A9C6D6B}.Release|iPhoneSimulator.Build.0 = Release|iPhoneSimulator
		{C4E79D03-BCCF-47A8-97EC-F8226A9C6D6B}.Debug|iPhone.ActiveCfg = Debug|iPhone
		{C4E79D03-BCCF-47A8-97EC-F8226A9C6D6B}.Debug|iPhone.Build.0 = Debug|iPhone
		{C4E79D03-BCCF-47A8-97EC-F8226A9C6D6B}.Release|iPhone.ActiveCfg = Release|iPhone
		{C4E79D03-BCCF-47A8-97EC-F8226A9C6D6B}.Release|iPhone.Build.0 = Release|iPhone
		{C4E79D03-BCCF-47A8-97EC-F8226A9C6D6B}.Ad-Hoc|iPhone.ActiveCfg = Ad-Hoc|iPhone
		{C4E79D03-BCCF-47A8-97EC-F8226A9C6D6B}.Ad-Hoc|iPhone.Build.0 = Ad-Hoc|iPhone
		{C4E79D03-BCCF-47A8-97EC-F8226A9C6D6B}.AppStore|iPhone.ActiveCfg = AppStore|iPhone
		{C4E79D03-BCCF-47A8-97EC-F8226A9C6D6B}.AppStore|iPhone.Build.0 = AppStore|iPhone
		{B19C892E-2628-4CA7-AD27-08D406A3B14B}.Debug|Any CPU.ActiveCfg = Debug|Any CPU
		{B19C892E-2628-4CA7-AD27-08D406A3B14B}.Debug|Any CPU.Build.0 = Debug|Any CPU
		{B19C892E-2628-4CA7-AD27-08D406A3B14B}.Release|Any CPU.ActiveCfg = Release|Any CPU
		{B19C892E-2628-4CA7-AD27-08D406A3B14B}.Release|Any CPU.Build.0 = Release|Any CPU
		{B19C892E-2628-4CA7-AD27-08D406A3B14B}.Debug|iPhoneSimulator.ActiveCfg = Debug|Any CPU
		{B19C892E-2628-4CA7-AD27-08D406A3B14B}.Debug|iPhoneSimulator.Build.0 = Debug|Any CPU
		{B19C892E-2628-4CA7-AD27-08D406A3B14B}.Release|iPhoneSimulator.ActiveCfg = Release|Any CPU
		{B19C892E-2628-4CA7-AD27-08D406A3B14B}.Release|iPhoneSimulator.Build.0 = Release|Any CPU
		{B19C892E-2628-4CA7-AD27-08D406A3B14B}.Debug|iPhone.ActiveCfg = Debug|Any CPU
		{B19C892E-2628-4CA7-AD27-08D406A3B14B}.Debug|iPhone.Build.0 = Debug|Any CPU
		{B19C892E-2628-4CA7-AD27-08D406A3B14B}.Release|iPhone.ActiveCfg = Release|Any CPU
		{B19C892E-2628-4CA7-AD27-08D406A3B14B}.Release|iPhone.Build.0 = Release|Any CPU
		{B19C892E-2628-4CA7-AD27-08D406A3B14B}.Ad-Hoc|iPhone.ActiveCfg = Debug|Any CPU
		{B19C892E-2628-4CA7-AD27-08D406A3B14B}.Ad-Hoc|iPhone.Build.0 = Debug|Any CPU
		{B19C892E-2628-4CA7-AD27-08D406A3B14B}.AppStore|iPhone.ActiveCfg = Debug|Any CPU
		{B19C892E-2628-4CA7-AD27-08D406A3B14B}.AppStore|iPhone.Build.0 = Debug|Any CPU
		{0D4DD490-D488-4DB2-95F8-49C57936E9F8}.Debug|Any CPU.ActiveCfg = Debug|Any CPU
		{0D4DD490-D488-4DB2-95F8-49C57936E9F8}.Debug|Any CPU.Build.0 = Debug|Any CPU
		{0D4DD490-D488-4DB2-95F8-49C57936E9F8}.Release|Any CPU.ActiveCfg = Release|Any CPU
		{0D4DD490-D488-4DB2-95F8-49C57936E9F8}.Release|Any CPU.Build.0 = Release|Any CPU
		{0D4DD490-D488-4DB2-95F8-49C57936E9F8}.Debug|iPhoneSimulator.ActiveCfg = Debug|Any CPU
		{0D4DD490-D488-4DB2-95F8-49C57936E9F8}.Debug|iPhoneSimulator.Build.0 = Debug|Any CPU
		{0D4DD490-D488-4DB2-95F8-49C57936E9F8}.Release|iPhoneSimulator.ActiveCfg = Release|Any CPU
		{0D4DD490-D488-4DB2-95F8-49C57936E9F8}.Release|iPhoneSimulator.Build.0 = Release|Any CPU
		{0D4DD490-D488-4DB2-95F8-49C57936E9F8}.Debug|iPhone.ActiveCfg = Debug|Any CPU
		{0D4DD490-D488-4DB2-95F8-49C57936E9F8}.Debug|iPhone.Build.0 = Debug|Any CPU
		{0D4DD490-D488-4DB2-95F8-49C57936E9F8}.Release|iPhone.ActiveCfg = Release|Any CPU
		{0D4DD490-D488-4DB2-95F8-49C57936E9F8}.Release|iPhone.Build.0 = Release|Any CPU
		{0D4DD490-D488-4DB2-95F8-49C57936E9F8}.Ad-Hoc|iPhone.ActiveCfg = Debug|Any CPU
		{0D4DD490-D488-4DB2-95F8-49C57936E9F8}.Ad-Hoc|iPhone.Build.0 = Debug|Any CPU
		{0D4DD490-D488-4DB2-95F8-49C57936E9F8}.AppStore|iPhone.ActiveCfg = Debug|Any CPU
		{0D4DD490-D488-4DB2-95F8-49C57936E9F8}.AppStore|iPhone.Build.0 = Debug|Any CPU
	EndGlobalSection
EndGlobal
